
Microsoft Visual Studio Solution File, Format Version 12.00
# Visual Studio Version 17
VisualStudioVersion = 17.9.34723.18
MinimumVisualStudioVersion = 10.0.40219.1
Project("{FAE04EC0-301F-11D3-BF4B-00C04F79EFBC}") = "work2 for final", "work2 for final\work2 for final.csproj", "{56DBA59E-6570-4CBE-AE41-678FAF4B9C31}"
EndProject
Global
	GlobalSection(SolutionConfigurationPlatforms) = preSolution
		Debug|Any CPU = Debug|Any CPU
		Release|Any CPU = Release|Any CPU
	EndGlobalSection
	GlobalSection(ProjectConfigurationPlatforms) = postSolution
		{56DBA59E-6570-4CBE-AE41-678FAF4B9C31}.Debug|Any CPU.ActiveCfg = Debug|Any CPU
		{56DBA59E-6570-4CBE-AE41-678FAF4B9C31}.Debug|Any CPU.Build.0 = Debug|Any CPU
		{56DBA59E-6570-4CBE-AE41-678FAF4B9C31}.Release|Any CPU.ActiveCfg = Release|Any CPU
		{56DBA59E-6570-4CBE-AE41-678FAF4B9C31}.Release|Any CPU.Build.0 = Release|Any CPU
	EndGlobalSection
	GlobalSection(SolutionProperties) = preSolution
		HideSolutionNode = FALSE
	EndGlobalSection
	GlobalSection(ExtensibilityGlobals) = postSolution
		SolutionGuid = {E4DBB640-95F4-458B-BBD8-C995CF0C3117}
	EndGlobalSection
EndGlobal
